// !$*UTF8*$!
{
	archiveVersion = 1;
	classes = {
	};
	objectVersion = 46;
	objects = {

/* Begin PBXBuildFile section */
		C444B8D81CAAD29F006721BF /* main.cpp in Sources */ = {isa = PBXBuildFile; fileRef = C444B8D71CAAD29F006721BF /* main.cpp */; };
/* End PBXBuildFile section */

/* Begin PBXCopyFilesBuildPhase section */
		C444B8D21CAAD29F006721BF /* CopyFiles */ = {
			isa = PBXCopyFilesBuildPhase;
			buildActionMask = 2147483647;
			dstPath = /usr/share/man/man1/;
			dstSubfolderSpec = 0;
			files = (
			);
			runOnlyForDeploymentPostprocessing = 1;
		};
/* End PBXCopyFilesBuildPhase section */

/* Begin PBXFileReference section */
		C444B8D41CAAD29F006721BF /* 1 thread-pool */ = {isa = PBXFileReference; explicitFileType = "compiled.mach-o.executable"; includeInIndex = 0; path = "1 thread-pool"; sourceTree = BUILT_PRODUCTS_DIR; };
		C444B8D71CAAD29F006721BF /* main.cpp */ = {isa = PBXFileReference; lastKnownFileType = sourcecode.cpp.cpp; path = main.cpp; sourceTree = "<group>"; };
		C444B8DE1CAAD31A006721BF /* ThreadPool.h */ = {isa = PBXFileReference; lastKnownFileType = sourcecode.c.h; path = ThreadPool.h; sourceTree = "<group>"; };
/* End PBXFileReference section */

/* Begin PBXFrameworksBuildPhase section */
		C444B8D11CAAD29F006721BF /* Frameworks */ = {
			isa = PBXFrameworksBuildPhase;
			buildActionMask = 2147483647;
			files = (
			);
			runOnlyForDeploymentPostprocessing = 0;
		};
/* End PBXFrameworksBuildPhase section */

/* Begin PBXGroup section */
		C444B8CB1CAAD29F006721BF = {
			isa = PBXGroup;
			children = (
				C444B8D61CAAD29F006721BF /* 1 thread-pool */,
				C444B8D51CAAD29F006721BF /* Products */,
			);
			sourceTree = "<group>";
		};
		C444B8D51CAAD29F006721BF /* Products */ = {
			isa = PBXGroup;
			children = (
				C444B8D41CAAD29F006721BF /* 1 thread-pool */,
			);
			name = Products;
			sourceTree = "<group>";
		};
		C444B8D61CAAD29F006721BF /* 1 thread-pool */ = {
			isa = PBXGroup;
			children = (
				C444B8D71CAAD29F006721BF /* main.cpp */,
				C444B8DE1CAAD31A006721BF /* ThreadPool.h */,
			);
			path = "1 thread-pool";
			sourceTree = "<group>";
		};
/* End PBXGroup section */

/* Begin PBXNativeTarget section */
		C444B8D31CAAD29F006721BF /* 1 thread-pool */ = {
			isa = PBXNativeTarget;
			buildConfigurationList = C444B8DB1CAAD29F006721BF /* Build configuration list for PBXNativeTarget "1 thread-pool" */;
			buildPhases = (
				C444B8D01CAAD29F006721BF /* Sources */,
				C444B8D11CAAD29F006721BF /* Frameworks */,
				C444B8D21CAAD29F006721BF /* CopyFiles */,
			);
			buildRules = (
			);
			dependencies = (
			);
			name = "1 thread-pool";
			productName = "1 thread-pool";
			productReference = C444B8D41CAAD29F006721BF /* 1 thread-pool */;
			productType = "com.apple.product-type.tool";
		};
/* End PBXNativeTarget section */

/* Begin PBXProject section */
		C444B8CC1CAAD29F006721BF /* Project object */ = {
			isa = PBXProject;
			attributes = {
				LastUpgradeCheck = 0730;
				ORGANIZATIONNAME = "Екатерина Вишневская";
				TargetAttributes = {
					C444B8D31CAAD29F006721BF = {
						CreatedOnToolsVersion = 7.3;
					};
				};
			};
			buildConfigurationList = C444B8CF1CAAD29F006721BF /* Build configuration list for PBXProject "1 thread-pool" */;
			compatibilityVersion = "Xcode 3.2";
			developmentRegion = English;
			hasScannedForEncodings = 0;
			knownRegions = (
				en,
			);
			mainGroup = C444B8CB1CAAD29F006721BF;
			productRefGroup = C444B8D51CAAD29F006721BF /* Products */;
			projectDirPath = "";
			projectRoot = "";
			targets = (
				C444B8D31CAAD29F006721BF /* 1 thread-pool */,
			);
		};
/* End PBXProject section */

/* Begin PBXSourcesBuildPhase section */
		C444B8D01CAAD29F006721BF /* Sources */ = {
			isa = PBXSourcesBuildPhase;
			buildActionMask = 2147483647;
			files = (
				C444B8D81CAAD29F006721BF /* main.cpp in Sources */,
			);
			runOnlyForDeploymentPostprocessing = 0;
		};
/* End PBXSourcesBuildPhase section */

/* Begin XCBuildConfiguration section */
		C444B8D91CAAD29F006721BF /* Debug */ = {
			isa = XCBuildConfiguration;
			buildSettings = {
				ALWAYS_SEARCH_USER_PATHS = NO;
				CLANG_ANALYZER_NONNULL = YES;
				CLANG_CXX_LANGUAGE_STANDARD = "gnu++0x";
				CLANG_CXX_LIBRARY = "libc++";
				CLANG_ENABLE_MODULES = YES;
				CLANG_ENABLE_OBJC_ARC = YES;
				CLANG_WARN_BOOL_CONVERSION = YES;
				CLANG_WARN_CONSTANT_CONVERSION = YES;
				CLANG_WARN_DIRECT_OBJC_ISA_USAGE = YES_ERROR;
				CLANG_WARN_EMPTY_BODY = YES;
				CLANG_WARN_ENUM_CONVERSION = YES;
				CLANG_WARN_INT_CONVERSION = YES;
				CLANG_WARN_OBJC_ROOT_CLASS = YES_ERROR;
				CLANG_WARN_UNREACHABLE_CODE = YES;
				CLANG_WARN__DUPLICATE_METHOD_MATCH = YES;
				CODE_SIGN_IDENTITY = "-";
				COPY_PHASE_STRIP = NO;
				DEBUG_INFORMATION_FORMAT = dwarf;
				ENABLE_STRICT_OBJC_MSGSEND = YES;
				ENABLE_TESTABILITY = YES;
				GCC_C_LANGUAGE_STANDARD = gnu99;
				GCC_DYNAMIC_NO_PIC = NO;
				GCC_NO_COMMON_BLOCKS = YES;
				GCC_OPTIMIZATION_LEVEL = 0;
				GCC_PREPROCESSOR_DEFINITIONS = (
					"DEBUG=1",
					"$(inherited)",
				);
				GCC_WARN_64_TO_32_BIT_CONVERSION = YES;
				GCC_WARN_ABOUT_RETURN_TYPE = YES_ERROR;
				GCC_WARN_UNDECLARED_SELECTOR = YES;
				GCC_WARN_UNINITIALIZED_AUTOS = YES_AGGRESSIVE;
				GCC_WARN_UNUSED_FUNCTION = YES;
				GCC_WARN_UNUSED_VARIABLE = YES;
				MACOSX_DEPLOYMENT_TARGET = 10.11;
				MTL_ENABLE_DEBUG_INFO = YES;
				ONLY_ACTIVE_ARCH = YES;
				SDKROOT = macosx;
			};
			name = Debug;
		};
		C444B8DA1CAAD29F006721BF /* Release */ = {
			isa = XCBuildConfiguration;
			buildSettings = {
				ALWAYS_SEARCH_USER_PATHS = NO;
				CLANG_ANALYZER_NONNULL = YES;
				CLANG_CXX_LANGUAGE_STANDARD = "gnu++0x";
				CLANG_CXX_LIBRARY = "libc++";
				CLANG_ENABLE_MODULES = YES;
				CLANG_ENABLE_OBJC_ARC = YES;
				CLANG_WARN_BOOL_CONVERSION = YES;
				CLANG_WARN_CONSTANT_CONVERSION = YES;
				CLANG_WARN_DIRECT_OBJC_ISA_USAGE = YES_ERROR;
				CLANG_WARN_EMPTY_BODY = YES;
				CLANG_WARN_ENUM_CONVERSION = YES;
				CLANG_WARN_INT_CONVERSION = YES;
				CLANG_WARN_OBJC_ROOT_CLASS = YES_ERROR;
				CLANG_WARN_UNREACHABLE_CODE = YES;
				CLANG_WARN__DUPLICATE_METHOD_MATCH = YES;
				CODE_SIGN_IDENTITY = "-";
				COPY_PHASE_STRIP = NO;
				DEBUG_INFORMATION_FORMAT = "dwarf-with-dsym";
				ENABLE_NS_ASSERTIONS = NO;
				ENABLE_STRICT_OBJC_MSGSEND = YES;
				GCC_C_LANGUAGE_STANDARD = gnu99;
				GCC_NO_COMMON_BLOCKS = YES;
				GCC_WARN_64_TO_32_BIT_CONVERSION = YES;
				GCC_WARN_ABOUT_RETURN_TYPE = YES_ERROR;
				GCC_WARN_UNDECLARED_SELECTOR = YES;
				GCC_WARN_UNINITIALIZED_AUTOS = YES_AGGRESSIVE;
				GCC_WARN_UNUSED_FUNCTION = YES;
				GCC_WARN_UNUSED_VARIABLE = YES;
				MACOSX_DEPLOYMENT_TARGET = 10.11;
				MTL_ENABLE_DEBUG_INFO = NO;
				SDKROOT = macosx;
			};
			name = Release;
		};
		C444B8DC1CAAD29F006721BF /* Debug */ = {
			isa = XCBuildConfiguration;
			buildSettings = {
				PRODUCT_NAME = "$(TARGET_NAME)";
			};
			name = Debug;
		};
		C444B8DD1CAAD29F006721BF /* Release */ = {
			isa = XCBuildConfiguration;
			buildSettings = {
				PRODUCT_NAME = "$(TARGET_NAME)";
			};
			name = Release;
		};
/* End XCBuildConfiguration section */

/* Begin XCConfigurationList section */
		C444B8CF1CAAD29F006721BF /* Build configuration list for PBXProject "1 thread-pool" */ = {
			isa = XCConfigurationList;
			buildConfigurations = (
				C444B8D91CAAD29F006721BF /* Debug */,
				C444B8DA1CAAD29F006721BF /* Release */,
			);
			defaultConfigurationIsVisible = 0;
			defaultConfigurationName = Release;
		};
		C444B8DB1CAAD29F006721BF /* Build configuration list for PBXNativeTarget "1 thread-pool" */ = {
			isa = XCConfigurationList;
			buildConfigurations = (
				C444B8DC1CAAD29F006721BF /* Debug */,
				C444B8DD1CAAD29F006721BF /* Release */,
			);
			defaultConfigurationIsVisible = 0;
		};
/* End XCConfigurationList section */
	};
	rootObject = C444B8CC1CAAD29F006721BF /* Project object */;
}
